// !$*UTF8*$!
{
	archiveVersion = 1;
	classes = {
	};
	objectVersion = 50;
	objects = {

/* Begin PBXBuildFile section */
		552B4E4721673C930002665E /* AppDelegate.swift in Sources */ = {isa = PBXBuildFile; fileRef = 552B4E4621673C930002665E /* AppDelegate.swift */; };
		552B4E4921673C940002665E /* HomeViewController.swift in Sources */ = {isa = PBXBuildFile; fileRef = 552B4E4821673C940002665E /* HomeViewController.swift */; };
		552B4E4C21673C940002665E /* Main.storyboard in Resources */ = {isa = PBXBuildFile; fileRef = 552B4E4A21673C940002665E /* Main.storyboard */; };
		552B4E4F21673C940002665E /* Marsplay.xcdatamodeld in Sources */ = {isa = PBXBuildFile; fileRef = 552B4E4D21673C940002665E /* Marsplay.xcdatamodeld */; };
		552B4E5121673C960002665E /* Assets.xcassets in Resources */ = {isa = PBXBuildFile; fileRef = 552B4E5021673C960002665E /* Assets.xcassets */; };
		552B4E5421673C960002665E /* LaunchScreen.storyboard in Resources */ = {isa = PBXBuildFile; fileRef = 552B4E5221673C960002665E /* LaunchScreen.storyboard */; };
		552B4E6421673E3A0002665E /* DetailsViewController.swift in Sources */ = {isa = PBXBuildFile; fileRef = 552B4E6221673E3A0002665E /* DetailsViewController.swift */; };
		552B4E6521673E3A0002665E /* DetailsViewController.xib in Resources */ = {isa = PBXBuildFile; fileRef = 552B4E6321673E3A0002665E /* DetailsViewController.xib */; };
		552B4E6D21673F510002665E /* MovieCell.swift in Sources */ = {isa = PBXBuildFile; fileRef = 552B4E6B21673F510002665E /* MovieCell.swift */; };
		552B4E6E21673F510002665E /* MovieCell.xib in Resources */ = {isa = PBXBuildFile; fileRef = 552B4E6C21673F510002665E /* MovieCell.xib */; };
		552B4E7021674DBC0002665E /* MovieModel.swift in Sources */ = {isa = PBXBuildFile; fileRef = 552B4E6F21674DBC0002665E /* MovieModel.swift */; };
		5599A3BD2167F68F005969A3 /* CustomFlowLayout.swift in Sources */ = {isa = PBXBuildFile; fileRef = 5599A3BC2167F68F005969A3 /* CustomFlowLayout.swift */; };
		55E290A32168B28300D237A5 /* ImageSaver.swift in Sources */ = {isa = PBXBuildFile; fileRef = 55E290A22168B28300D237A5 /* ImageSaver.swift */; };
/* End PBXBuildFile section */

/* Begin PBXFileReference section */
		552B4E4321673C930002665E /* Marsplay.app */ = {isa = PBXFileReference; explicitFileType = wrapper.application; includeInIndex = 0; path = Marsplay.app; sourceTree = BUILT_PRODUCTS_DIR; };
		552B4E4621673C930002665E /* AppDelegate.swift */ = {isa = PBXFileReference; lastKnownFileType = sourcecode.swift; path = AppDelegate.swift; sourceTree = "<group>"; };
		552B4E4821673C940002665E /* HomeViewController.swift */ = {isa = PBXFileReference; lastKnownFileType = sourcecode.swift; path = HomeViewController.swift; sourceTree = "<group>"; };
		552B4E4B21673C940002665E /* Base */ = {isa = PBXFileReference; lastKnownFileType = file.storyboard; name = Base; path = Base.lproj/Main.storyboard; sourceTree = "<group>"; };
		552B4E4E21673C940002665E /* Marsplay.xcdatamodel */ = {isa = PBXFileReference; lastKnownFileType = wrapper.xcdatamodel; path = Marsplay.xcdatamodel; sourceTree = "<group>"; };
		552B4E5021673C960002665E /* Assets.xcassets */ = {isa = PBXFileReference; lastKnownFileType = folder.assetcatalog; path = Assets.xcassets; sourceTree = "<group>"; };
		552B4E5321673C960002665E /* Base */ = {isa = PBXFileReference; lastKnownFileType = file.storyboard; name = Base; path = Base.lproj/LaunchScreen.storyboard; sourceTree = "<group>"; };
		552B4E5521673C960002665E /* Info.plist */ = {isa = PBXFileReference; lastKnownFileType = text.plist.xml; path = Info.plist; sourceTree = "<group>"; };
		552B4E6221673E3A0002665E /* DetailsViewController.swift */ = {isa = PBXFileReference; lastKnownFileType = sourcecode.swift; path = DetailsViewController.swift; sourceTree = "<group>"; };
		552B4E6321673E3A0002665E /* DetailsViewController.xib */ = {isa = PBXFileReference; lastKnownFileType = file.xib; path = DetailsViewController.xib; sourceTree = "<group>"; };
		552B4E6B21673F510002665E /* MovieCell.swift */ = {isa = PBXFileReference; lastKnownFileType = sourcecode.swift; path = MovieCell.swift; sourceTree = "<group>"; };
		552B4E6C21673F510002665E /* MovieCell.xib */ = {isa = PBXFileReference; lastKnownFileType = file.xib; path = MovieCell.xib; sourceTree = "<group>"; };
		552B4E6F21674DBC0002665E /* MovieModel.swift */ = {isa = PBXFileReference; lastKnownFileType = sourcecode.swift; path = MovieModel.swift; sourceTree = "<group>"; };
		5599A3BC2167F68F005969A3 /* CustomFlowLayout.swift */ = {isa = PBXFileReference; lastKnownFileType = sourcecode.swift; path = CustomFlowLayout.swift; sourceTree = "<group>"; };
		55E290A22168B28300D237A5 /* ImageSaver.swift */ = {isa = PBXFileReference; lastKnownFileType = sourcecode.swift; path = ImageSaver.swift; sourceTree = "<group>"; };
/* End PBXFileReference section */

/* Begin PBXFrameworksBuildPhase section */
		552B4E4021673C930002665E /* Frameworks */ = {
			isa = PBXFrameworksBuildPhase;
			buildActionMask = 2147483647;
			files = (
			);
			runOnlyForDeploymentPostprocessing = 0;
		};
/* End PBXFrameworksBuildPhase section */

/* Begin PBXGroup section */
		552B4E3A21673C930002665E = {
			isa = PBXGroup;
			children = (
				552B4E4521673C930002665E /* Marsplay */,
				552B4E4421673C930002665E /* Products */,
			);
			sourceTree = "<group>";
		};
		552B4E4421673C930002665E /* Products */ = {
			isa = PBXGroup;
			children = (
				552B4E4321673C930002665E /* Marsplay.app */,
			);
			name = Products;
			sourceTree = "<group>";
		};
		552B4E4521673C930002665E /* Marsplay */ = {
			isa = PBXGroup;
			children = (
				552B4E5F21673DA70002665E /* CoreData */,
				552B4E5E21673D770002665E /* AppDelegate */,
				552B4E5D21673D620002665E /* Controllers */,
				552B4E5C21673D590002665E /* Views */,
				552B4E5B21673D500002665E /* Models */,
				552B4E4A21673C940002665E /* Main.storyboard */,
				552B4E5021673C960002665E /* Assets.xcassets */,
				552B4E5221673C960002665E /* LaunchScreen.storyboard */,
				552B4E5521673C960002665E /* Info.plist */,
			);
			path = Marsplay;
			sourceTree = "<group>";
		};
		552B4E5B21673D500002665E /* Models */ = {
			isa = PBXGroup;
			children = (
				552B4E6F21674DBC0002665E /* MovieModel.swift */,
			);
			path = Models;
			sourceTree = "<group>";
		};
		552B4E5C21673D590002665E /* Views */ = {
			isa = PBXGroup;
			children = (
				552B4E6621673E760002665E /* MovieCell */,
			);
			path = Views;
			sourceTree = "<group>";
		};
		552B4E5D21673D620002665E /* Controllers */ = {
			isa = PBXGroup;
			children = (
				552B4E6121673E100002665E /* DetailsVC */,
				552B4E6021673DFE0002665E /* HomeVC */,
			);
			path = Controllers;
			sourceTree = "<group>";
		};
		552B4E5E21673D770002665E /* AppDelegate */ = {
			isa = PBXGroup;
			children = (
				552B4E4621673C930002665E /* AppDelegate.swift */,
			);
			path = AppDelegate;
			sourceTree = "<group>";
		};
		552B4E5F21673DA70002665E /* CoreData */ = {
			isa = PBXGroup;
			children = (
				552B4E4D21673C940002665E /* Marsplay.xcdatamodeld */,
				55E290A22168B28300D237A5 /* ImageSaver.swift */,
			);
			path = CoreData;
			sourceTree = "<group>";
		};
		552B4E6021673DFE0002665E /* HomeVC */ = {
			isa = PBXGroup;
			children = (
				552B4E4821673C940002665E /* HomeViewController.swift */,
			);
			path = HomeVC;
			sourceTree = "<group>";
		};
		552B4E6121673E100002665E /* DetailsVC */ = {
			isa = PBXGroup;
			children = (
				552B4E6221673E3A0002665E /* DetailsViewController.swift */,
				552B4E6321673E3A0002665E /* DetailsViewController.xib */,
			);
			path = DetailsVC;
			sourceTree = "<group>";
		};
		552B4E6621673E760002665E /* MovieCell */ = {
			isa = PBXGroup;
			children = (
				552B4E6B21673F510002665E /* MovieCell.swift */,
				552B4E6C21673F510002665E /* MovieCell.xib */,
				5599A3BC2167F68F005969A3 /* CustomFlowLayout.swift */,
			);
			path = MovieCell;
			sourceTree = "<group>";
		};
/* End PBXGroup section */

/* Begin PBXNativeTarget section */
		552B4E4221673C930002665E /* Marsplay */ = {
			isa = PBXNativeTarget;
			buildConfigurationList = 552B4E5821673C960002665E /* Build configuration list for PBXNativeTarget "Marsplay" */;
			buildPhases = (
				552B4E3F21673C930002665E /* Sources */,
				552B4E4021673C930002665E /* Frameworks */,
				552B4E4121673C930002665E /* Resources */,
			);
			buildRules = (
			);
			dependencies = (
			);
			name = Marsplay;
			productName = Marsplay;
			productReference = 552B4E4321673C930002665E /* Marsplay.app */;
			productType = "com.apple.product-type.application";
		};
/* End PBXNativeTarget section */

/* Begin PBXProject section */
		552B4E3B21673C930002665E /* Project object */ = {
			isa = PBXProject;
			attributes = {
				LastSwiftUpdateCheck = 1000;
				LastUpgradeCheck = 1000;
				ORGANIZATIONNAME = "Pankaj Verma";
				TargetAttributes = {
					552B4E4221673C930002665E = {
						CreatedOnToolsVersion = 10.0;
					};
				};
			};
			buildConfigurationList = 552B4E3E21673C930002665E /* Build configuration list for PBXProject "Marsplay" */;
			compatibilityVersion = "Xcode 9.3";
			developmentRegion = en;
			hasScannedForEncodings = 0;
			knownRegions = (
				en,
				Base,
			);
			mainGroup = 552B4E3A21673C930002665E;
			productRefGroup = 552B4E4421673C930002665E /* Products */;
			projectDirPath = "";
			projectRoot = "";
			targets = (
				552B4E4221673C930002665E /* Marsplay */,
			);
		};
/* End PBXProject section */

/* Begin PBXResourcesBuildPhase section */
		552B4E4121673C930002665E /* Resources */ = {
			isa = PBXResourcesBuildPhase;
			buildActionMask = 2147483647;
			files = (
				552B4E5421673C960002665E /* LaunchScreen.storyboard in Resources */,
				552B4E5121673C960002665E /* Assets.xcassets in Resources */,
				552B4E4C21673C940002665E /* Main.storyboard in Resources */,
				552B4E6521673E3A0002665E /* DetailsViewController.xib in Resources */,
				552B4E6E21673F510002665E /* MovieCell.xib in Resources */,
			);
			runOnlyForDeploymentPostprocessing = 0;
		};
/* End PBXResourcesBuildPhase section */

/* Begin PBXSourcesBuildPhase section */
		552B4E3F21673C930002665E /* Sources */ = {
			isa = PBXSourcesBuildPhase;
			buildActionMask = 2147483647;
			files = (
				552B4E7021674DBC0002665E /* MovieModel.swift in Sources */,
				552B4E4921673C940002665E /* HomeViewController.swift in Sources */,
				552B4E4F21673C940002665E /* Marsplay.xcdatamodeld in Sources */,
				552B4E4721673C930002665E /* AppDelegate.swift in Sources */,
				552B4E6D21673F510002665E /* MovieCell.swift in Sources */,
				552B4E6421673E3A0002665E /* DetailsViewController.swift in Sources */,
				5599A3BD2167F68F005969A3 /* CustomFlowLayout.swift in Sources */,
				55E290A32168B28300D237A5 /* ImageSaver.swift in Sources */,
			);
			runOnlyForDeploymentPostprocessing = 0;
		};
/* End PBXSourcesBuildPhase section */

/* Begin PBXVariantGroup section */
		552B4E4A21673C940002665E /* Main.storyboard */ = {
			isa = PBXVariantGroup;
			children = (
				552B4E4B21673C940002665E /* Base */,
			);
			name = Main.storyboard;
			sourceTree = "<group>";
		};
		552B4E5221673C960002665E /* LaunchScreen.storyboard */ = {
			isa = PBXVariantGroup;
			children = (
				552B4E5321673C960002665E /* Base */,
			);
			name = LaunchScreen.storyboard;
			sourceTree = "<group>";
		};
/* End PBXVariantGroup section */

/* Begin XCBuildConfiguration section */
		552B4E5621673C960002665E /* Debug */ = {
			isa = XCBuildConfiguration;
			buildSettings = {
				ALWAYS_SEARCH_USER_PATHS = NO;
				CLANG_ANALYZER_NONNULL = YES;
				CLANG_ANALYZER_NUMBER_OBJECT_CONVERSION = YES_AGGRESSIVE;
				CLANG_CXX_LANGUAGE_STANDARD = "gnu++14";
				CLANG_CXX_LIBRARY = "libc++";
				CLANG_ENABLE_MODULES = YES;
				CLANG_ENABLE_OBJC_ARC = YES;
				CLANG_ENABLE_OBJC_WEAK = YES;
				CLANG_WARN_BLOCK_CAPTURE_AUTORELEASING = YES;
				CLANG_WARN_BOOL_CONVERSION = YES;
				CLANG_WARN_COMMA = YES;
				CLANG_WARN_CONSTANT_CONVERSION = YES;
				CLANG_WARN_DEPRECATED_OBJC_IMPLEMENTATIONS = YES;
				CLANG_WARN_DIRECT_OBJC_ISA_USAGE = YES_ERROR;
				CLANG_WARN_DOCUMENTATION_COMMENTS = YES;
				CLANG_WARN_EMPTY_BODY = YES;
				CLANG_WARN_ENUM_CONVERSION = YES;
				CLANG_WARN_INFINITE_RECURSION = YES;
				CLANG_WARN_INT_CONVERSION = YES;
				CLANG_WARN_NON_LITERAL_NULL_CONVERSION = YES;
				CLANG_WARN_OBJC_IMPLICIT_RETAIN_SELF = YES;
				CLANG_WARN_OBJC_LITERAL_CONVERSION = YES;
				CLANG_WARN_OBJC_ROOT_CLASS = YES_ERROR;
				CLANG_WARN_RANGE_LOOP_ANALYSIS = YES;
				CLANG_WARN_STRICT_PROTOTYPES = YES;
				CLANG_WARN_SUSPICIOUS_MOVE = YES;
				CLANG_WARN_UNGUARDED_AVAILABILITY = YES_AGGRESSIVE;
				CLANG_WARN_UNREACHABLE_CODE = YES;
				CLANG_WARN__DUPLICATE_METHOD_MATCH = YES;
				CODE_SIGN_IDENTITY = "iPhone Developer";
				COPY_PHASE_STRIP = NO;
				DEBUG_INFORMATION_FORMAT = dwarf;
				ENABLE_STRICT_OBJC_MSGSEND = YES;
				ENABLE_TESTABILITY = YES;
				GCC_C_LANGUAGE_STANDARD = gnu11;
				GCC_DYNAMIC_NO_PIC = NO;
				GCC_NO_COMMON_BLOCKS = YES;
				GCC_OPTIMIZATION_LEVEL = 0;
				GCC_PREPROCESSOR_DEFINITIONS = (
					"DEBUG=1",
					"$(inherited)",
				);
				GCC_WARN_64_TO_32_BIT_CONVERSION = YES;
				GCC_WARN_ABOUT_RETURN_TYPE = YES_ERROR;
				GCC_WARN_UNDECLARED_SELECTOR = YES;
				GCC_WARN_UNINITIALIZED_AUTOS = YES_AGGRESSIVE;
				GCC_WARN_UNUSED_FUNCTION = YES;
				GCC_WARN_UNUSED_VARIABLE = YES;
				IPHONEOS_DEPLOYMENT_TARGET = 12.0;
				MTL_ENABLE_DEBUG_INFO = INCLUDE_SOURCE;
				MTL_FAST_MATH = YES;
				ONLY_ACTIVE_ARCH = YES;
				SDKROOT = iphoneos;
				SWIFT_ACTIVE_COMPILATION_CONDITIONS = DEBUG;
				SWIFT_OPTIMIZATION_LEVEL = "-Onone";
			};
			name = Debug;
		};
		552B4E5721673C960002665E /* Release */ = {
			isa = XCBuildConfiguration;
			buildSettings = {
				ALWAYS_SEARCH_USER_PATHS = NO;
				CLANG_ANALYZER_NONNULL = YES;
				CLANG_ANALYZER_NUMBER_OBJECT_CONVERSION = YES_AGGRESSIVE;
				CLANG_CXX_LANGUAGE_STANDARD = "gnu++14";
				CLANG_CXX_LIBRARY = "libc++";
				CLANG_ENABLE_MODULES = YES;
				CLANG_ENABLE_OBJC_ARC = YES;
				CLANG_ENABLE_OBJC_WEAK = YES;
				CLANG_WARN_BLOCK_CAPTURE_AUTORELEASING = YES;
				CLANG_WARN_BOOL_CONVERSION = YES;
				CLANG_WARN_COMMA = YES;
				CLANG_WARN_CONSTANT_CONVERSION = YES;
				CLANG_WARN_DEPRECATED_OBJC_IMPLEMENTATIONS = YES;
				CLANG_WARN_DIRECT_OBJC_ISA_USAGE = YES_ERROR;
				CLANG_WARN_DOCUMENTATION_COMMENTS = YES;
				CLANG_WARN_EMPTY_BODY = YES;
				CLANG_WARN_ENUM_CONVERSION = YES;
				CLANG_WARN_INFINITE_RECURSION = YES;
				CLANG_WARN_INT_CONVERSION = YES;
				CLANG_WARN_NON_LITERAL_NULL_CONVERSION = YES;
				CLANG_WARN_OBJC_IMPLICIT_RETAIN_SELF = YES;
				CLANG_WARN_OBJC_LITERAL_CONVERSION = YES;
				CLANG_WARN_OBJC_ROOT_CLASS = YES_ERROR;
				CLANG_WARN_RANGE_LOOP_ANALYSIS = YES;
				CLANG_WARN_STRICT_PROTOTYPES = YES;
				CLANG_WARN_SUSPICIOUS_MOVE = YES;
				CLANG_WARN_UNGUARDED_AVAILABILITY = YES_AGGRESSIVE;
				CLANG_WARN_UNREACHABLE_CODE = YES;
				CLANG_WARN__DUPLICATE_METHOD_MATCH = YES;
				CODE_SIGN_IDENTITY = "iPhone Developer";
				COPY_PHASE_STRIP = NO;
				DEBUG_INFORMATION_FORMAT = "dwarf-with-dsym";
				ENABLE_NS_ASSERTIONS = NO;
				ENABLE_STRICT_OBJC_MSGSEND = YES;
				GCC_C_LANGUAGE_STANDARD = gnu11;
				GCC_NO_COMMON_BLOCKS = YES;
				GCC_WARN_64_TO_32_BIT_CONVERSION = YES;
				GCC_WARN_ABOUT_RETURN_TYPE = YES_ERROR;
				GCC_WARN_UNDECLARED_SELECTOR = YES;
				GCC_WARN_UNINITIALIZED_AUTOS = YES_AGGRESSIVE;
				GCC_WARN_UNUSED_FUNCTION = YES;
				GCC_WARN_UNUSED_VARIABLE = YES;
				IPHONEOS_DEPLOYMENT_TARGET = 12.0;
				MTL_ENABLE_DEBUG_INFO = NO;
				MTL_FAST_MATH = YES;
				SDKROOT = iphoneos;
				SWIFT_COMPILATION_MODE = wholemodule;
				SWIFT_OPTIMIZATION_LEVEL = "-O";
				VALIDATE_PRODUCT = YES;
			};
			name = Release;
		};
		552B4E5921673C960002665E /* Debug */ = {
			isa = XCBuildConfiguration;
			buildSettings = {
				ASSETCATALOG_COMPILER_APPICON_NAME = AppIcon;
				CODE_SIGN_STYLE = Automatic;
				DEVELOPMENT_TEAM = A55ZPN47HE;
				INFOPLIST_FILE = Marsplay/Info.plist;
				LD_RUNPATH_SEARCH_PATHS = (
					"$(inherited)",
					"@executable_path/Frameworks",
				);
				PRODUCT_BUNDLE_IDENTIFIER = com.mars.Marsplay;
				PRODUCT_NAME = "$(TARGET_NAME)";
				SWIFT_VERSION = 4.2;
				TARGETED_DEVICE_FAMILY = "1,2";
			};
			name = Debug;
		};
		552B4E5A21673C960002665E /* Release */ = {
			isa = XCBuildConfiguration;
			buildSettings = {
				ASSETCATALOG_COMPILER_APPICON_NAME = AppIcon;
				CODE_SIGN_STYLE = Automatic;
				DEVELOPMENT_TEAM = A55ZPN47HE;
				INFOPLIST_FILE = Marsplay/Info.plist;
				LD_RUNPATH_SEARCH_PATHS = (
					"$(inherited)",
					"@executable_path/Frameworks",
				);
				PRODUCT_BUNDLE_IDENTIFIER = com.mars.Marsplay;
				PRODUCT_NAME = "$(TARGET_NAME)";
				SWIFT_VERSION = 4.2;
				TARGETED_DEVICE_FAMILY = "1,2";
			};
			name = Release;
		};
/* End XCBuildConfiguration section */

/* Begin XCConfigurationList section */
		552B4E3E21673C930002665E /* Build configuration list for PBXProject "Marsplay" */ = {
			isa = XCConfigurationList;
			buildConfigurations = (
				552B4E5621673C960002665E /* Debug */,
				552B4E5721673C960002665E /* Release */,
			);
			defaultConfigurationIsVisible = 0;
			defaultConfigurationName = Release;
		};
		552B4E5821673C960002665E /* Build configuration list for PBXNativeTarget "Marsplay" */ = {
			isa = XCConfigurationList;
			buildConfigurations = (
				552B4E5921673C960002665E /* Debug */,
				552B4E5A21673C960002665E /* Release */,
			);
			defaultConfigurationIsVisible = 0;
			defaultConfigurationName = Release;
		};
/* End XCConfigurationList section */

/* Begin XCVersionGroup section */
		552B4E4D21673C940002665E /* Marsplay.xcdatamodeld */ = {
			isa = XCVersionGroup;
			children = (
				552B4E4E21673C940002665E /* Marsplay.xcdatamodel */,
			);
			currentVersion = 552B4E4E21673C940002665E /* Marsplay.xcdatamodel */;
			path = Marsplay.xcdatamodeld;
			sourceTree = "<group>";
			versionGroupType = wrapper.xcdatamodel;
		};
/* End XCVersionGroup section */
	};
	rootObject = 552B4E3B21673C930002665E /* Project object */;
}
